
Microsoft Visual Studio Solution File, Format Version 12.00
# Visual Studio Version 16
VisualStudioVersion = 16.0.30804.86
MinimumVisualStudioVersion = 10.0.40219.1
Project("{9A19103F-16F7-4668-BE54-9A1E7A4F7556}") = "PetScreamAspNET", "PetScreamAspNET.csproj", "{29A385B2-DE30-463F-90A3-AB49C011B348}"
EndProject
Project("{FAE04EC0-301F-11D3-BF4B-00C04F79EFBC}") = "PetScreamAspNET.DataAccessLayer.Domain", "..\PetScreamAspNET.DataAccessLayer.Domain\PetScreamAspNET.DataAccessLayer.Domain.csproj", "{298B295F-A684-455D-AE6F-C60B9002AD4B}"
EndProject
Project("{FAE04EC0-301F-11D3-BF4B-00C04F79EFBC}") = "PetScreamAspNET.DataAccessLayer.Repository", "..\PetScreamAspNET.DataAccessLayer.Repository\PetScreamAspNET.DataAccessLayer.Repository.csproj", "{DCEFEBB8-C9D9-49B1-919A-16EBF1E0AA72}"
EndProject
Project("{FAE04EC0-301F-11D3-BF4B-00C04F79EFBC}") = "PetScreamAspNET.Common", "..\PetScreamAspNET.Common\PetScreamAspNET.Common.csproj", "{EDE98D89-C2EB-44C7-B72C-AD2E1A2FD00B}"
EndProject
Project("{FAE04EC0-301F-11D3-BF4B-00C04F79EFBC}") = "PetScreamAspNET.BusinessLogicLayer.Services", "..\PetScreamAspNET.BusinessLogicLayer.Services\PetScreamAspNET.BusinessLogicLayer.Services.csproj", "{6010CAE4-37B9-4D30-B8DA-AEDC5FEC8092}"
EndProject
Project("{FAE04EC0-301F-11D3-BF4B-00C04F79EFBC}") = "PetScreamAspNET.BusinessLogicLayer.Repository", "..\PetScreamAspNET.BusinessLogicLayer.Repository\PetScreamAspNET.BusinessLogicLayer.Repository.csproj", "{AEA6B8A7-AD96-47BC-8CC6-3C510EAD2C14}"
EndProject
Global
	GlobalSection(SolutionConfigurationPlatforms) = preSolution
		Debug|Any CPU = Debug|Any CPU
		Release|Any CPU = Release|Any CPU
	EndGlobalSection
	GlobalSection(ProjectConfigurationPlatforms) = postSolution
		{29A385B2-DE30-463F-90A3-AB49C011B348}.Debug|Any CPU.ActiveCfg = Debug|Any CPU
		{29A385B2-DE30-463F-90A3-AB49C011B348}.Debug|Any CPU.Build.0 = Debug|Any CPU
		{29A385B2-DE30-463F-90A3-AB49C011B348}.Release|Any CPU.ActiveCfg = Release|Any CPU
		{29A385B2-DE30-463F-90A3-AB49C011B348}.Release|Any CPU.Build.0 = Release|Any CPU
		{298B295F-A684-455D-AE6F-C60B9002AD4B}.Debug|Any CPU.ActiveCfg = Debug|Any CPU
		{298B295F-A684-455D-AE6F-C60B9002AD4B}.Debug|Any CPU.Build.0 = Debug|Any CPU
		{298B295F-A684-455D-AE6F-C60B9002AD4B}.Release|Any CPU.ActiveCfg = Release|Any CPU
		{298B295F-A684-455D-AE6F-C60B9002AD4B}.Release|Any CPU.Build.0 = Release|Any CPU
		{DCEFEBB8-C9D9-49B1-919A-16EBF1E0AA72}.Debug|Any CPU.ActiveCfg = Debug|Any CPU
		{DCEFEBB8-C9D9-49B1-919A-16EBF1E0AA72}.Debug|Any CPU.Build.0 = Debug|Any CPU
		{DCEFEBB8-C9D9-49B1-919A-16EBF1E0AA72}.Release|Any CPU.ActiveCfg = Release|Any CPU
		{DCEFEBB8-C9D9-49B1-919A-16EBF1E0AA72}.Release|Any CPU.Build.0 = Release|Any CPU
		{EDE98D89-C2EB-44C7-B72C-AD2E1A2FD00B}.Debug|Any CPU.ActiveCfg = Debug|Any CPU
		{EDE98D89-C2EB-44C7-B72C-AD2E1A2FD00B}.Debug|Any CPU.Build.0 = Debug|Any CPU
		{EDE98D89-C2EB-44C7-B72C-AD2E1A2FD00B}.Release|Any CPU.ActiveCfg = Release|Any CPU
		{EDE98D89-C2EB-44C7-B72C-AD2E1A2FD00B}.Release|Any CPU.Build.0 = Release|Any CPU
		{6010CAE4-37B9-4D30-B8DA-AEDC5FEC8092}.Debug|Any CPU.ActiveCfg = Debug|Any CPU
		{6010CAE4-37B9-4D30-B8DA-AEDC5FEC8092}.Debug|Any CPU.Build.0 = Debug|Any CPU
		{6010CAE4-37B9-4D30-B8DA-AEDC5FEC8092}.Release|Any CPU.ActiveCfg = Release|Any CPU
		{6010CAE4-37B9-4D30-B8DA-AEDC5FEC8092}.Release|Any CPU.Build.0 = Release|Any CPU
		{AEA6B8A7-AD96-47BC-8CC6-3C510EAD2C14}.Debug|Any CPU.ActiveCfg = Debug|Any CPU
		{AEA6B8A7-AD96-47BC-8CC6-3C510EAD2C14}.Debug|Any CPU.Build.0 = Debug|Any CPU
		{AEA6B8A7-AD96-47BC-8CC6-3C510EAD2C14}.Release|Any CPU.ActiveCfg = Release|Any CPU
		{AEA6B8A7-AD96-47BC-8CC6-3C510EAD2C14}.Release|Any CPU.Build.0 = Release|Any CPU
	EndGlobalSection
	GlobalSection(SolutionProperties) = preSolution
		HideSolutionNode = FALSE
	EndGlobalSection
	GlobalSection(ExtensibilityGlobals) = postSolution
		SolutionGuid = {E67F57CE-2FB3-489A-82DF-72DDD5FEBB09}
	EndGlobalSection
EndGlobal
